
Microsoft Visual Studio Solution File, Format Version 12.00
# Visual Studio 2013
VisualStudioVersion = 12.0.31101.0
MinimumVisualStudioVersion = 10.0.40219.1
Project("{FAE04EC0-301F-11D3-BF4B-00C04F79EFBC}") = "Escc.SupportWithConfidence.Website", "Escc.SupportWithConfidence.Website\Escc.SupportWithConfidence.Website.csproj", "{0B2F91E0-E198-4133-8C4C-74DE6F403D05}"
EndProject
Project("{FAE04EC0-301F-11D3-BF4B-00C04F79EFBC}") = "Escc.SupportWithConfidence.Controls", "Escc.SupportWithConfidence.Controls\Escc.SupportWithConfidence.Controls.csproj", "{60B61D3A-890F-4040-82F2-38D3AADA5FBB}"
EndProject
Project("{FAE04EC0-301F-11D3-BF4B-00C04F79EFBC}") = "Escc.SupportWithConfidence.Admin", "Escc.SupportWithConfidence.Admin\Escc.SupportWithConfidence.Admin.csproj", "{23095E1C-1931-423A-A067-C0FC0ED303F1}"
EndProject
Project("{FAE04EC0-301F-11D3-BF4B-00C04F79EFBC}") = "Escc.SupportWithConfidence.ETL", "Escc.SupportWithConfidence.ETL\Escc.SupportWithConfidence.ETL.csproj", "{EEA0AF8D-7483-4D8F-BD0F-83185D7F3322}"
EndProject
Project("{FAE04EC0-301F-11D3-BF4B-00C04F79EFBC}") = "EsccWebTeam.HouseStyle", "..\Escc.HouseStyle\EsccWebTeam.HouseStyle.csproj", "{1C429378-DBF2-4AF7-88AC-C059AA163682}"
EndProject
Project("{FAE04EC0-301F-11D3-BF4B-00C04F79EFBC}") = "EsccWebTeam.Data.Web", "..\Escc.Data.Web\EsccWebTeam.Data.Web.csproj", "{9C56D3DD-4952-4A1B-9AD6-907A1142872F}"
EndProject
Project("{FAE04EC0-301F-11D3-BF4B-00C04F79EFBC}") = "EsccWebTeam.NavigationControls", "..\Escc.NavigationControls\EsccWebTeam.NavigationControls.csproj", "{0323F668-1723-44A1-8C94-F91DC59EF315}"
EndProject
Project("{2150E333-8FDC-42A3-9474-1A3956D46DE8}") = "Solution Items", "Solution Items", "{135B4C2B-0F52-4AF2-95D9-1A21861FF607}"
	ProjectSection(SolutionItems) = preProject
		.gitignore = .gitignore
		app-setup-dev.cmd = app-setup-dev.cmd
		app-setup-dev.ps1 = app-setup-dev.ps1
	EndProjectSection
EndProject
Project("{FAE04EC0-301F-11D3-BF4B-00C04F79EFBC}") = "EsccWebTeam.EastSussexGovUK", "..\Escc.EastSussexGovUK\EsccWebTeam.EastSussexGovUK.csproj", "{1426FEF0-23DC-4C23-AE15-67F2527BD741}"
EndProject
Project("{FAE04EC0-301F-11D3-BF4B-00C04F79EFBC}") = "EsccWebTeam.Data.Xml", "..\Escc.Data.Xml\EsccWebTeam.Data.Xml.csproj", "{86B2725C-9C37-44A4-93C7-F5122AFA0809}"
EndProject
Project("{FAE04EC0-301F-11D3-BF4B-00C04F79EFBC}") = "EsccWebTeam.Data.ActiveDirectory", "..\Escc.Data.ActiveDirectory\EsccWebTeam.Data.ActiveDirectory.csproj", "{5F1BBB42-C1C6-4110-A3E4-720420A3C27D}"
EndProject
Project("{FAE04EC0-301F-11D3-BF4B-00C04F79EFBC}") = "EsccWebTeam.Cms", "..\Escc.Cms\EsccWebTeam.Cms.csproj", "{6710E9EE-DEAB-4569-ACE6-F10159D6D447}"
EndProject
Project("{FAE04EC0-301F-11D3-BF4B-00C04F79EFBC}") = "Escc.Elibrary", "..\Escc.Elibrary\Escc.Elibrary.csproj", "{3D2240E0-D165-4C52-A97B-730542975D3A}"
EndProject
Project("{FAE04EC0-301F-11D3-BF4B-00C04F79EFBC}") = "Escc.SupportWithConfidence.WebApi", "Escc.SupportWithConfidence.WebApi\Escc.SupportWithConfidence.WebApi.csproj", "{7F6C0F75-BA47-4967-847D-B73B4C234FCB}"
EndProject
Global
	GlobalSection(SolutionConfigurationPlatforms) = preSolution
		Debug|Any CPU = Debug|Any CPU
		Release|Any CPU = Release|Any CPU
		UAT|Any CPU = UAT|Any CPU
	EndGlobalSection
	GlobalSection(ProjectConfigurationPlatforms) = postSolution
		{0B2F91E0-E198-4133-8C4C-74DE6F403D05}.Debug|Any CPU.ActiveCfg = Debug|Any CPU
		{0B2F91E0-E198-4133-8C4C-74DE6F403D05}.Debug|Any CPU.Build.0 = Debug|Any CPU
		{0B2F91E0-E198-4133-8C4C-74DE6F403D05}.Release|Any CPU.ActiveCfg = Release|Any CPU
		{0B2F91E0-E198-4133-8C4C-74DE6F403D05}.Release|Any CPU.Build.0 = Release|Any CPU
		{0B2F91E0-E198-4133-8C4C-74DE6F403D05}.UAT|Any CPU.ActiveCfg = Release|Any CPU
		{0B2F91E0-E198-4133-8C4C-74DE6F403D05}.UAT|Any CPU.Build.0 = Release|Any CPU
		{60B61D3A-890F-4040-82F2-38D3AADA5FBB}.Debug|Any CPU.ActiveCfg = Debug|Any CPU
		{60B61D3A-890F-4040-82F2-38D3AADA5FBB}.Debug|Any CPU.Build.0 = Debug|Any CPU
		{60B61D3A-890F-4040-82F2-38D3AADA5FBB}.Release|Any CPU.ActiveCfg = Release|Any CPU
		{60B61D3A-890F-4040-82F2-38D3AADA5FBB}.Release|Any CPU.Build.0 = Release|Any CPU
		{60B61D3A-890F-4040-82F2-38D3AADA5FBB}.UAT|Any CPU.ActiveCfg = Release|Any CPU
		{60B61D3A-890F-4040-82F2-38D3AADA5FBB}.UAT|Any CPU.Build.0 = Release|Any CPU
		{23095E1C-1931-423A-A067-C0FC0ED303F1}.Debug|Any CPU.ActiveCfg = Debug|Any CPU
		{23095E1C-1931-423A-A067-C0FC0ED303F1}.Debug|Any CPU.Build.0 = Debug|Any CPU
		{23095E1C-1931-423A-A067-C0FC0ED303F1}.Release|Any CPU.ActiveCfg = Release|Any CPU
		{23095E1C-1931-423A-A067-C0FC0ED303F1}.Release|Any CPU.Build.0 = Release|Any CPU
		{23095E1C-1931-423A-A067-C0FC0ED303F1}.UAT|Any CPU.ActiveCfg = Release|Any CPU
		{23095E1C-1931-423A-A067-C0FC0ED303F1}.UAT|Any CPU.Build.0 = Release|Any CPU
		{EEA0AF8D-7483-4D8F-BD0F-83185D7F3322}.Debug|Any CPU.ActiveCfg = Debug|Any CPU
		{EEA0AF8D-7483-4D8F-BD0F-83185D7F3322}.Debug|Any CPU.Build.0 = Debug|Any CPU
		{EEA0AF8D-7483-4D8F-BD0F-83185D7F3322}.Release|Any CPU.ActiveCfg = Release|Any CPU
		{EEA0AF8D-7483-4D8F-BD0F-83185D7F3322}.Release|Any CPU.Build.0 = Release|Any CPU
		{EEA0AF8D-7483-4D8F-BD0F-83185D7F3322}.UAT|Any CPU.ActiveCfg = Release|Any CPU
		{EEA0AF8D-7483-4D8F-BD0F-83185D7F3322}.UAT|Any CPU.Build.0 = Release|Any CPU
		{1C429378-DBF2-4AF7-88AC-C059AA163682}.Debug|Any CPU.ActiveCfg = Debug|Any CPU
		{1C429378-DBF2-4AF7-88AC-C059AA163682}.Debug|Any CPU.Build.0 = Debug|Any CPU
		{1C429378-DBF2-4AF7-88AC-C059AA163682}.Release|Any CPU.ActiveCfg = Release|Any CPU
		{1C429378-DBF2-4AF7-88AC-C059AA163682}.Release|Any CPU.Build.0 = Release|Any CPU
		{1C429378-DBF2-4AF7-88AC-C059AA163682}.UAT|Any CPU.ActiveCfg = Release|Any CPU
		{1C429378-DBF2-4AF7-88AC-C059AA163682}.UAT|Any CPU.Build.0 = Release|Any CPU
		{9C56D3DD-4952-4A1B-9AD6-907A1142872F}.Debug|Any CPU.ActiveCfg = Debug|Any CPU
		{9C56D3DD-4952-4A1B-9AD6-907A1142872F}.Debug|Any CPU.Build.0 = Debug|Any CPU
		{9C56D3DD-4952-4A1B-9AD6-907A1142872F}.Release|Any CPU.ActiveCfg = Release|Any CPU
		{9C56D3DD-4952-4A1B-9AD6-907A1142872F}.Release|Any CPU.Build.0 = Release|Any CPU
		{9C56D3DD-4952-4A1B-9AD6-907A1142872F}.UAT|Any CPU.ActiveCfg = Release|Any CPU
		{9C56D3DD-4952-4A1B-9AD6-907A1142872F}.UAT|Any CPU.Build.0 = Release|Any CPU
		{0323F668-1723-44A1-8C94-F91DC59EF315}.Debug|Any CPU.ActiveCfg = Debug|Any CPU
		{0323F668-1723-44A1-8C94-F91DC59EF315}.Debug|Any CPU.Build.0 = Debug|Any CPU
		{0323F668-1723-44A1-8C94-F91DC59EF315}.Release|Any CPU.ActiveCfg = Release|Any CPU
		{0323F668-1723-44A1-8C94-F91DC59EF315}.Release|Any CPU.Build.0 = Release|Any CPU
		{0323F668-1723-44A1-8C94-F91DC59EF315}.UAT|Any CPU.ActiveCfg = Release|Any CPU
		{0323F668-1723-44A1-8C94-F91DC59EF315}.UAT|Any CPU.Build.0 = Release|Any CPU
		{1426FEF0-23DC-4C23-AE15-67F2527BD741}.Debug|Any CPU.ActiveCfg = Debug|Any CPU
		{1426FEF0-23DC-4C23-AE15-67F2527BD741}.Debug|Any CPU.Build.0 = Debug|Any CPU
		{1426FEF0-23DC-4C23-AE15-67F2527BD741}.Release|Any CPU.ActiveCfg = Release|Any CPU
		{1426FEF0-23DC-4C23-AE15-67F2527BD741}.Release|Any CPU.Build.0 = Release|Any CPU
		{1426FEF0-23DC-4C23-AE15-67F2527BD741}.UAT|Any CPU.ActiveCfg = Release|Any CPU
		{1426FEF0-23DC-4C23-AE15-67F2527BD741}.UAT|Any CPU.Build.0 = Release|Any CPU
		{86B2725C-9C37-44A4-93C7-F5122AFA0809}.Debug|Any CPU.ActiveCfg = Debug|Any CPU
		{86B2725C-9C37-44A4-93C7-F5122AFA0809}.Debug|Any CPU.Build.0 = Debug|Any CPU
		{86B2725C-9C37-44A4-93C7-F5122AFA0809}.Release|Any CPU.ActiveCfg = Release|Any CPU
		{86B2725C-9C37-44A4-93C7-F5122AFA0809}.Release|Any CPU.Build.0 = Release|Any CPU
		{86B2725C-9C37-44A4-93C7-F5122AFA0809}.UAT|Any CPU.ActiveCfg = UAT|Any CPU
		{86B2725C-9C37-44A4-93C7-F5122AFA0809}.UAT|Any CPU.Build.0 = UAT|Any CPU
		{5F1BBB42-C1C6-4110-A3E4-720420A3C27D}.Debug|Any CPU.ActiveCfg = Debug|Any CPU
		{5F1BBB42-C1C6-4110-A3E4-720420A3C27D}.Debug|Any CPU.Build.0 = Debug|Any CPU
		{5F1BBB42-C1C6-4110-A3E4-720420A3C27D}.Release|Any CPU.ActiveCfg = Release|Any CPU
		{5F1BBB42-C1C6-4110-A3E4-720420A3C27D}.Release|Any CPU.Build.0 = Release|Any CPU
		{5F1BBB42-C1C6-4110-A3E4-720420A3C27D}.UAT|Any CPU.ActiveCfg = Release|Any CPU
		{5F1BBB42-C1C6-4110-A3E4-720420A3C27D}.UAT|Any CPU.Build.0 = Release|Any CPU
		{6710E9EE-DEAB-4569-ACE6-F10159D6D447}.Debug|Any CPU.ActiveCfg = Debug|Any CPU
		{6710E9EE-DEAB-4569-ACE6-F10159D6D447}.Debug|Any CPU.Build.0 = Debug|Any CPU
		{6710E9EE-DEAB-4569-ACE6-F10159D6D447}.Release|Any CPU.ActiveCfg = Release|Any CPU
		{6710E9EE-DEAB-4569-ACE6-F10159D6D447}.Release|Any CPU.Build.0 = Release|Any CPU
		{6710E9EE-DEAB-4569-ACE6-F10159D6D447}.UAT|Any CPU.ActiveCfg = Release|Any CPU
		{6710E9EE-DEAB-4569-ACE6-F10159D6D447}.UAT|Any CPU.Build.0 = Release|Any CPU
		{3D2240E0-D165-4C52-A97B-730542975D3A}.Debug|Any CPU.ActiveCfg = Debug|Any CPU
		{3D2240E0-D165-4C52-A97B-730542975D3A}.Debug|Any CPU.Build.0 = Debug|Any CPU
		{3D2240E0-D165-4C52-A97B-730542975D3A}.Release|Any CPU.ActiveCfg = Release|Any CPU
		{3D2240E0-D165-4C52-A97B-730542975D3A}.Release|Any CPU.Build.0 = Release|Any CPU
		{3D2240E0-D165-4C52-A97B-730542975D3A}.UAT|Any CPU.ActiveCfg = Release|Any CPU
		{3D2240E0-D165-4C52-A97B-730542975D3A}.UAT|Any CPU.Build.0 = Release|Any CPU
		{7F6C0F75-BA47-4967-847D-B73B4C234FCB}.Debug|Any CPU.ActiveCfg = Debug|Any CPU
		{7F6C0F75-BA47-4967-847D-B73B4C234FCB}.Debug|Any CPU.Build.0 = Debug|Any CPU
		{7F6C0F75-BA47-4967-847D-B73B4C234FCB}.Release|Any CPU.ActiveCfg = Release|Any CPU
		{7F6C0F75-BA47-4967-847D-B73B4C234FCB}.Release|Any CPU.Build.0 = Release|Any CPU
		{7F6C0F75-BA47-4967-847D-B73B4C234FCB}.UAT|Any CPU.ActiveCfg = Release|Any CPU
		{7F6C0F75-BA47-4967-847D-B73B4C234FCB}.UAT|Any CPU.Build.0 = Release|Any CPU
	EndGlobalSection
	GlobalSection(SolutionProperties) = preSolution
		HideSolutionNode = FALSE
	EndGlobalSection
EndGlobal
